
Microsoft Visual Studio Solution File, Format Version 11.00
# Visual Studio 2010
Project("{FAE04EC0-301F-11D3-BF4B-00C04F79EFBC}") = "MVVM_Sample", "MVVM_Sample.csproj", "{6B42F6B0-FAF3-42F8-82CA-06FA73B3670C}"
EndProject
Global
	GlobalSection(SolutionConfigurationPlatforms) = preSolution
		Debug|x86 = Debug|x86
		Release|x86 = Release|x86
	EndGlobalSection
	GlobalSection(ProjectConfigurationPlatforms) = postSolution
		{6B42F6B0-FAF3-42F8-82CA-06FA73B3670C}.Debug|x86.ActiveCfg = Debug|x86
		{6B42F6B0-FAF3-42F8-82CA-06FA73B3670C}.Debug|x86.Build.0 = Debug|x86
		{6B42F6B0-FAF3-42F8-82CA-06FA73B3670C}.Release|x86.ActiveCfg = Release|x86
		{6B42F6B0-FAF3-42F8-82CA-06FA73B3670C}.Release|x86.Build.0 = Release|x86
	EndGlobalSection
	GlobalSection(SolutionProperties) = preSolution
		HideSolutionNode = FALSE
	EndGlobalSection
EndGlobal
